
Microsoft Visual Studio Solution File, Format Version 12.00
# Visual Studio Version 17
VisualStudioVersion = 17.3.32929.385
MinimumVisualStudioVersion = 10.0.40219.1
Project("{FAE04EC0-301F-11D3-BF4B-00C04F79EFBC}") = "mlab5", "mlab5.csproj", "{BF460C84-0579-4EFF-96C6-EB9EEAD0EED7}"
EndProject
Global
	GlobalSection(SolutionConfigurationPlatforms) = preSolution
		Debug|Any CPU = Debug|Any CPU
		Release|Any CPU = Release|Any CPU
	EndGlobalSection
	GlobalSection(ProjectConfigurationPlatforms) = postSolution
		{BF460C84-0579-4EFF-96C6-EB9EEAD0EED7}.Debug|Any CPU.ActiveCfg = Debug|Any CPU
		{BF460C84-0579-4EFF-96C6-EB9EEAD0EED7}.Debug|Any CPU.Build.0 = Debug|Any CPU
		{BF460C84-0579-4EFF-96C6-EB9EEAD0EED7}.Release|Any CPU.ActiveCfg = Release|Any CPU
		{BF460C84-0579-4EFF-96C6-EB9EEAD0EED7}.Release|Any CPU.Build.0 = Release|Any CPU
	EndGlobalSection
	GlobalSection(SolutionProperties) = preSolution
		HideSolutionNode = FALSE
	EndGlobalSection
	GlobalSection(ExtensibilityGlobals) = postSolution
		SolutionGuid = {C8F2DC97-4DF4-4B57-A8A9-DEEE954A9C17}
	EndGlobalSection
EndGlobal
